
Microsoft Visual Studio Solution File, Format Version 12.00
# Visual Studio Version 17
VisualStudioVersion = 17.13.35931.197 d17.13
MinimumVisualStudioVersion = 10.0.40219.1
Project("{FAE04EC0-301F-11D3-BF4B-00C04F79EFBC}") = "lapor", "lapor\lapor.csproj", "{0A38E3FF-5FCD-4FCC-A286-2BE3AF79FC6E}"
EndProject
Global
	GlobalSection(SolutionConfigurationPlatforms) = preSolution
		Debug|Any CPU = Debug|Any CPU
		Release|Any CPU = Release|Any CPU
	EndGlobalSection
	GlobalSection(ProjectConfigurationPlatforms) = postSolution
		{0A38E3FF-5FCD-4FCC-A286-2BE3AF79FC6E}.Debug|Any CPU.ActiveCfg = Debug|Any CPU
		{0A38E3FF-5FCD-4FCC-A286-2BE3AF79FC6E}.Debug|Any CPU.Build.0 = Debug|Any CPU
		{0A38E3FF-5FCD-4FCC-A286-2BE3AF79FC6E}.Release|Any CPU.ActiveCfg = Release|Any CPU
		{0A38E3FF-5FCD-4FCC-A286-2BE3AF79FC6E}.Release|Any CPU.Build.0 = Release|Any CPU
	EndGlobalSection
	GlobalSection(SolutionProperties) = preSolution
		HideSolutionNode = FALSE
	EndGlobalSection
	GlobalSection(ExtensibilityGlobals) = postSolution
		SolutionGuid = {B8480188-893B-4020-8786-2899C0F4F4E1}
	EndGlobalSection
EndGlobal
